
Microsoft Visual Studio Solution File, Format Version 12.00
# Visual Studio Version 16
VisualStudioVersion = 16.0.32510.428
MinimumVisualStudioVersion = 10.0.40219.1
Project("{FAE04EC0-301F-11D3-BF4B-00C04F79EFBC}") = "CSharp.Capitulo01.Sintaxe", "CSharp.Capitulo01.Sintaxe\CSharp.Capitulo01.Sintaxe.csproj", "{01203408-742A-4513-B4B3-B45F113E7380}"
EndProject
Project("{9A19103F-16F7-4668-BE54-9A1E7A4F7556}") = "CSharp.Capitulo01.ValeTransporte", "CSharp.Capitulo01.ValeTransporte\CSharp.Capitulo01.ValeTransporte.csproj", "{C7170278-5C29-4F5F-A996-607CFBE92420}"
EndProject
Project("{9A19103F-16F7-4668-BE54-9A1E7A4F7556}") = "CSharp.Capitulo02.GeradorSenha", "CSharp.Capitulo02.GeradorSenha\CSharp.Capitulo02.GeradorSenha.csproj", "{2741DCA7-DF49-4ECE-8A4B-7E6DD730754B}"
EndProject
Project("{9A19103F-16F7-4668-BE54-9A1E7A4F7556}") = "CSharp.Capitulo02.EstruturasControle.Testes", "CSharp.Capitulo02.EstruturasControle.Testes\CSharp.Capitulo02.EstruturasControle.Testes.csproj", "{567AA72E-2430-43B4-A76F-EA299E45DDF3}"
EndProject
Project("{9A19103F-16F7-4668-BE54-9A1E7A4F7556}") = "CSharp.Capitulo08.VetoresColecoes.Testes", "CSharp.Capitulo08.VetoresColecoes.Testes\CSharp.Capitulo08.VetoresColecoes.Testes.csproj", "{CAEA89A6-AB21-4711-8E2F-2D0E8C98976D}"
EndProject
Project("{2150E333-8FDC-42A3-9474-1A3956D46DE8}") = "Fintech", "Fintech", "{2AB239EF-8838-4B11-80FA-692ACA6D3865}"
EndProject
Project("{9A19103F-16F7-4668-BE54-9A1E7A4F7556}") = "Fintech.Dominio", "Fintech.Dominio\Fintech.Dominio.csproj", "{B790DA08-4FF6-4E9E-A7ED-9FD161B6F710}"
EndProject
Project("{FAE04EC0-301F-11D3-BF4B-00C04F79EFBC}") = "Fintech.Correntista.Wpf", "Fintech.Correntista.Wpf\Fintech.Correntista.Wpf.csproj", "{28FE358C-3398-4A42-8180-5C4F9F1C67B6}"
EndProject
Global
	GlobalSection(SolutionConfigurationPlatforms) = preSolution
		Debug|Any CPU = Debug|Any CPU
		Release|Any CPU = Release|Any CPU
	EndGlobalSection
	GlobalSection(ProjectConfigurationPlatforms) = postSolution
		{01203408-742A-4513-B4B3-B45F113E7380}.Debug|Any CPU.ActiveCfg = Debug|Any CPU
		{01203408-742A-4513-B4B3-B45F113E7380}.Debug|Any CPU.Build.0 = Debug|Any CPU
		{01203408-742A-4513-B4B3-B45F113E7380}.Release|Any CPU.ActiveCfg = Release|Any CPU
		{01203408-742A-4513-B4B3-B45F113E7380}.Release|Any CPU.Build.0 = Release|Any CPU
		{C7170278-5C29-4F5F-A996-607CFBE92420}.Debug|Any CPU.ActiveCfg = Debug|Any CPU
		{C7170278-5C29-4F5F-A996-607CFBE92420}.Debug|Any CPU.Build.0 = Debug|Any CPU
		{C7170278-5C29-4F5F-A996-607CFBE92420}.Release|Any CPU.ActiveCfg = Release|Any CPU
		{C7170278-5C29-4F5F-A996-607CFBE92420}.Release|Any CPU.Build.0 = Release|Any CPU
		{2741DCA7-DF49-4ECE-8A4B-7E6DD730754B}.Debug|Any CPU.ActiveCfg = Debug|Any CPU
		{2741DCA7-DF49-4ECE-8A4B-7E6DD730754B}.Debug|Any CPU.Build.0 = Debug|Any CPU
		{2741DCA7-DF49-4ECE-8A4B-7E6DD730754B}.Release|Any CPU.ActiveCfg = Release|Any CPU
		{2741DCA7-DF49-4ECE-8A4B-7E6DD730754B}.Release|Any CPU.Build.0 = Release|Any CPU
		{567AA72E-2430-43B4-A76F-EA299E45DDF3}.Debug|Any CPU.ActiveCfg = Debug|Any CPU
		{567AA72E-2430-43B4-A76F-EA299E45DDF3}.Debug|Any CPU.Build.0 = Debug|Any CPU
		{567AA72E-2430-43B4-A76F-EA299E45DDF3}.Release|Any CPU.ActiveCfg = Release|Any CPU
		{567AA72E-2430-43B4-A76F-EA299E45DDF3}.Release|Any CPU.Build.0 = Release|Any CPU
		{CAEA89A6-AB21-4711-8E2F-2D0E8C98976D}.Debug|Any CPU.ActiveCfg = Debug|Any CPU
		{CAEA89A6-AB21-4711-8E2F-2D0E8C98976D}.Debug|Any CPU.Build.0 = Debug|Any CPU
		{CAEA89A6-AB21-4711-8E2F-2D0E8C98976D}.Release|Any CPU.ActiveCfg = Release|Any CPU
		{CAEA89A6-AB21-4711-8E2F-2D0E8C98976D}.Release|Any CPU.Build.0 = Release|Any CPU
		{B790DA08-4FF6-4E9E-A7ED-9FD161B6F710}.Debug|Any CPU.ActiveCfg = Debug|Any CPU
		{B790DA08-4FF6-4E9E-A7ED-9FD161B6F710}.Debug|Any CPU.Build.0 = Debug|Any CPU
		{B790DA08-4FF6-4E9E-A7ED-9FD161B6F710}.Release|Any CPU.ActiveCfg = Release|Any CPU
		{B790DA08-4FF6-4E9E-A7ED-9FD161B6F710}.Release|Any CPU.Build.0 = Release|Any CPU
		{28FE358C-3398-4A42-8180-5C4F9F1C67B6}.Debug|Any CPU.ActiveCfg = Debug|Any CPU
		{28FE358C-3398-4A42-8180-5C4F9F1C67B6}.Debug|Any CPU.Build.0 = Debug|Any CPU
		{28FE358C-3398-4A42-8180-5C4F9F1C67B6}.Release|Any CPU.ActiveCfg = Release|Any CPU
		{28FE358C-3398-4A42-8180-5C4F9F1C67B6}.Release|Any CPU.Build.0 = Release|Any CPU
	EndGlobalSection
	GlobalSection(SolutionProperties) = preSolution
		HideSolutionNode = FALSE
	EndGlobalSection
	GlobalSection(NestedProjects) = preSolution
		{B790DA08-4FF6-4E9E-A7ED-9FD161B6F710} = {2AB239EF-8838-4B11-80FA-692ACA6D3865}
		{28FE358C-3398-4A42-8180-5C4F9F1C67B6} = {2AB239EF-8838-4B11-80FA-692ACA6D3865}
	EndGlobalSection
	GlobalSection(ExtensibilityGlobals) = postSolution
		SolutionGuid = {A74013D9-D356-4C39-B440-2FD68BA6972A}
	EndGlobalSection
EndGlobal
